// !$*UTF8*$!
{
	archiveVersion = 1;
	classes = {
	};
	objectVersion = 50;
	objects = {

/* Begin PBXBuildFile section */
		3B488D4E23709FCA005D0D54 /* AppDelegate.swift in Sources */ = {isa = PBXBuildFile; fileRef = 3B488D4D23709FCA005D0D54 /* AppDelegate.swift */; };
		3B488D5023709FCA005D0D54 /* ViewController.swift in Sources */ = {isa = PBXBuildFile; fileRef = 3B488D4F23709FCA005D0D54 /* ViewController.swift */; };
		3B488D5323709FCA005D0D54 /* Main.storyboard in Resources */ = {isa = PBXBuildFile; fileRef = 3B488D5123709FCA005D0D54 /* Main.storyboard */; };
		3B488D5523709FCC005D0D54 /* Assets.xcassets in Resources */ = {isa = PBXBuildFile; fileRef = 3B488D5423709FCC005D0D54 /* Assets.xcassets */; };
		3B488D5823709FCC005D0D54 /* LaunchScreen.storyboard in Resources */ = {isa = PBXBuildFile; fileRef = 3B488D5623709FCC005D0D54 /* LaunchScreen.storyboard */; };
		3B488D6323709FCC005D0D54 /* droidconmadrid19Tests.swift in Sources */ = {isa = PBXBuildFile; fileRef = 3B488D6223709FCC005D0D54 /* droidconmadrid19Tests.swift */; };
		3B488D6E23709FCC005D0D54 /* droidconmadrid19UITests.swift in Sources */ = {isa = PBXBuildFile; fileRef = 3B488D6D23709FCC005D0D54 /* droidconmadrid19UITests.swift */; };
/* End PBXBuildFile section */

/* Begin PBXContainerItemProxy section */
		3B488D5F23709FCC005D0D54 /* PBXContainerItemProxy */ = {
			isa = PBXContainerItemProxy;
			containerPortal = 3B488D4223709FCA005D0D54 /* Project object */;
			proxyType = 1;
			remoteGlobalIDString = 3B488D4923709FCA005D0D54;
			remoteInfo = droidconmadrid19;
		};
		3B488D6A23709FCC005D0D54 /* PBXContainerItemProxy */ = {
			isa = PBXContainerItemProxy;
			containerPortal = 3B488D4223709FCA005D0D54 /* Project object */;
			proxyType = 1;
			remoteGlobalIDString = 3B488D4923709FCA005D0D54;
			remoteInfo = droidconmadrid19;
		};
/* End PBXContainerItemProxy section */

/* Begin PBXFileReference section */
		3B488D4A23709FCA005D0D54 /* droidconmadrid19.app */ = {isa = PBXFileReference; explicitFileType = wrapper.application; includeInIndex = 0; path = droidconmadrid19.app; sourceTree = BUILT_PRODUCTS_DIR; };
		3B488D4D23709FCA005D0D54 /* AppDelegate.swift */ = {isa = PBXFileReference; lastKnownFileType = sourcecode.swift; path = AppDelegate.swift; sourceTree = "<group>"; };
		3B488D4F23709FCA005D0D54 /* ViewController.swift */ = {isa = PBXFileReference; lastKnownFileType = sourcecode.swift; path = ViewController.swift; sourceTree = "<group>"; };
		3B488D5223709FCA005D0D54 /* Base */ = {isa = PBXFileReference; lastKnownFileType = file.storyboard; name = Base; path = Base.lproj/Main.storyboard; sourceTree = "<group>"; };
		3B488D5423709FCC005D0D54 /* Assets.xcassets */ = {isa = PBXFileReference; lastKnownFileType = folder.assetcatalog; path = Assets.xcassets; sourceTree = "<group>"; };
		3B488D5723709FCC005D0D54 /* Base */ = {isa = PBXFileReference; lastKnownFileType = file.storyboard; name = Base; path = Base.lproj/LaunchScreen.storyboard; sourceTree = "<group>"; };
		3B488D5923709FCC005D0D54 /* Info.plist */ = {isa = PBXFileReference; lastKnownFileType = text.plist.xml; path = Info.plist; sourceTree = "<group>"; };
		3B488D5E23709FCC005D0D54 /* droidconmadrid19Tests.xctest */ = {isa = PBXFileReference; explicitFileType = wrapper.cfbundle; includeInIndex = 0; path = droidconmadrid19Tests.xctest; sourceTree = BUILT_PRODUCTS_DIR; };
		3B488D6223709FCC005D0D54 /* droidconmadrid19Tests.swift */ = {isa = PBXFileReference; lastKnownFileType = sourcecode.swift; path = droidconmadrid19Tests.swift; sourceTree = "<group>"; };
		3B488D6423709FCC005D0D54 /* Info.plist */ = {isa = PBXFileReference; lastKnownFileType = text.plist.xml; path = Info.plist; sourceTree = "<group>"; };
		3B488D6923709FCC005D0D54 /* droidconmadrid19UITests.xctest */ = {isa = PBXFileReference; explicitFileType = wrapper.cfbundle; includeInIndex = 0; path = droidconmadrid19UITests.xctest; sourceTree = BUILT_PRODUCTS_DIR; };
		3B488D6D23709FCC005D0D54 /* droidconmadrid19UITests.swift */ = {isa = PBXFileReference; lastKnownFileType = sourcecode.swift; path = droidconmadrid19UITests.swift; sourceTree = "<group>"; };
		3B488D6F23709FCC005D0D54 /* Info.plist */ = {isa = PBXFileReference; lastKnownFileType = text.plist.xml; path = Info.plist; sourceTree = "<group>"; };
/* End PBXFileReference section */

/* Begin PBXFrameworksBuildPhase section */
		3B488D4723709FCA005D0D54 /* Frameworks */ = {
			isa = PBXFrameworksBuildPhase;
			buildActionMask = 2147483647;
			files = (
			);
			runOnlyForDeploymentPostprocessing = 0;
		};
		3B488D5B23709FCC005D0D54 /* Frameworks */ = {
			isa = PBXFrameworksBuildPhase;
			buildActionMask = 2147483647;
			files = (
			);
			runOnlyForDeploymentPostprocessing = 0;
		};
		3B488D6623709FCC005D0D54 /* Frameworks */ = {
			isa = PBXFrameworksBuildPhase;
			buildActionMask = 2147483647;
			files = (
			);
			runOnlyForDeploymentPostprocessing = 0;
		};
/* End PBXFrameworksBuildPhase section */

/* Begin PBXGroup section */
		3B488D4123709FCA005D0D54 = {
			isa = PBXGroup;
			children = (
				3B488D4C23709FCA005D0D54 /* droidconmadrid19 */,
				3B488D6123709FCC005D0D54 /* droidconmadrid19Tests */,
				3B488D6C23709FCC005D0D54 /* droidconmadrid19UITests */,
				3B488D4B23709FCA005D0D54 /* Products */,
			);
			sourceTree = "<group>";
		};
		3B488D4B23709FCA005D0D54 /* Products */ = {
			isa = PBXGroup;
			children = (
				3B488D4A23709FCA005D0D54 /* droidconmadrid19.app */,
				3B488D5E23709FCC005D0D54 /* droidconmadrid19Tests.xctest */,
				3B488D6923709FCC005D0D54 /* droidconmadrid19UITests.xctest */,
			);
			name = Products;
			sourceTree = "<group>";
		};
		3B488D4C23709FCA005D0D54 /* droidconmadrid19 */ = {
			isa = PBXGroup;
			children = (
				3B488D4D23709FCA005D0D54 /* AppDelegate.swift */,
				3B488D4F23709FCA005D0D54 /* ViewController.swift */,
				3B488D5123709FCA005D0D54 /* Main.storyboard */,
				3B488D5423709FCC005D0D54 /* Assets.xcassets */,
				3B488D5623709FCC005D0D54 /* LaunchScreen.storyboard */,
				3B488D5923709FCC005D0D54 /* Info.plist */,
			);
			path = droidconmadrid19;
			sourceTree = "<group>";
		};
		3B488D6123709FCC005D0D54 /* droidconmadrid19Tests */ = {
			isa = PBXGroup;
			children = (
				3B488D6223709FCC005D0D54 /* droidconmadrid19Tests.swift */,
				3B488D6423709FCC005D0D54 /* Info.plist */,
			);
			path = droidconmadrid19Tests;
			sourceTree = "<group>";
		};
		3B488D6C23709FCC005D0D54 /* droidconmadrid19UITests */ = {
			isa = PBXGroup;
			children = (
				3B488D6D23709FCC005D0D54 /* droidconmadrid19UITests.swift */,
				3B488D6F23709FCC005D0D54 /* Info.plist */,
			);
			path = droidconmadrid19UITests;
			sourceTree = "<group>";
		};
/* End PBXGroup section */

/* Begin PBXNativeTarget section */
		3B488D4923709FCA005D0D54 /* droidconmadrid19 */ = {
			isa = PBXNativeTarget;
			buildConfigurationList = 3B488D7223709FCC005D0D54 /* Build configuration list for PBXNativeTarget "droidconmadrid19" */;
			buildPhases = (
				3B488D4623709FCA005D0D54 /* Sources */,
				3B488D4723709FCA005D0D54 /* Frameworks */,
				3B488D4823709FCA005D0D54 /* Resources */,
			);
			buildRules = (
			);
			dependencies = (
			);
			name = droidconmadrid19;
			productName = droidconmadrid19;
			productReference = 3B488D4A23709FCA005D0D54 /* droidconmadrid19.app */;
			productType = "com.apple.product-type.application";
		};
		3B488D5D23709FCC005D0D54 /* droidconmadrid19Tests */ = {
			isa = PBXNativeTarget;
			buildConfigurationList = 3B488D7523709FCC005D0D54 /* Build configuration list for PBXNativeTarget "droidconmadrid19Tests" */;
			buildPhases = (
				3B488D5A23709FCC005D0D54 /* Sources */,
				3B488D5B23709FCC005D0D54 /* Frameworks */,
				3B488D5C23709FCC005D0D54 /* Resources */,
			);
			buildRules = (
			);
			dependencies = (
				3B488D6023709FCC005D0D54 /* PBXTargetDependency */,
			);
			name = droidconmadrid19Tests;
			productName = droidconmadrid19Tests;
			productReference = 3B488D5E23709FCC005D0D54 /* droidconmadrid19Tests.xctest */;
			productType = "com.apple.product-type.bundle.unit-test";
		};
		3B488D6823709FCC005D0D54 /* droidconmadrid19UITests */ = {
			isa = PBXNativeTarget;
			buildConfigurationList = 3B488D7823709FCC005D0D54 /* Build configuration list for PBXNativeTarget "droidconmadrid19UITests" */;
			buildPhases = (
				3B488D6523709FCC005D0D54 /* Sources */,
				3B488D6623709FCC005D0D54 /* Frameworks */,
				3B488D6723709FCC005D0D54 /* Resources */,
			);
			buildRules = (
			);
			dependencies = (
				3B488D6B23709FCC005D0D54 /* PBXTargetDependency */,
			);
			name = droidconmadrid19UITests;
			productName = droidconmadrid19UITests;
			productReference = 3B488D6923709FCC005D0D54 /* droidconmadrid19UITests.xctest */;
			productType = "com.apple.product-type.bundle.ui-testing";
		};
/* End PBXNativeTarget section */

/* Begin PBXProject section */
		3B488D4223709FCA005D0D54 /* Project object */ = {
			isa = PBXProject;
			attributes = {
				LastSwiftUpdateCheck = 1020;
				LastUpgradeCheck = 1020;
				ORGANIZATIONNAME = vjgarcia;
				TargetAttributes = {
					3B488D4923709FCA005D0D54 = {
						CreatedOnToolsVersion = 10.2;
					};
					3B488D5D23709FCC005D0D54 = {
						CreatedOnToolsVersion = 10.2;
						TestTargetID = 3B488D4923709FCA005D0D54;
					};
					3B488D6823709FCC005D0D54 = {
						CreatedOnToolsVersion = 10.2;
						TestTargetID = 3B488D4923709FCA005D0D54;
					};
				};
			};
			buildConfigurationList = 3B488D4523709FCA005D0D54 /* Build configuration list for PBXProject "droidconmadrid19" */;
			compatibilityVersion = "Xcode 9.3";
			developmentRegion = en;
			hasScannedForEncodings = 0;
			knownRegions = (
				en,
				Base,
			);
			mainGroup = 3B488D4123709FCA005D0D54;
			productRefGroup = 3B488D4B23709FCA005D0D54 /* Products */;
			projectDirPath = "";
			projectRoot = "";
			targets = (
				3B488D4923709FCA005D0D54 /* droidconmadrid19 */,
				3B488D5D23709FCC005D0D54 /* droidconmadrid19Tests */,
				3B488D6823709FCC005D0D54 /* droidconmadrid19UITests */,
			);
		};
/* End PBXProject section */

/* Begin PBXResourcesBuildPhase section */
		3B488D4823709FCA005D0D54 /* Resources */ = {
			isa = PBXResourcesBuildPhase;
			buildActionMask = 2147483647;
			files = (
				3B488D5823709FCC005D0D54 /* LaunchScreen.storyboard in Resources */,
				3B488D5523709FCC005D0D54 /* Assets.xcassets in Resources */,
				3B488D5323709FCA005D0D54 /* Main.storyboard in Resources */,
			);
			runOnlyForDeploymentPostprocessing = 0;
		};
		3B488D5C23709FCC005D0D54 /* Resources */ = {
			isa = PBXResourcesBuildPhase;
			buildActionMask = 2147483647;
			files = (
			);
			runOnlyForDeploymentPostprocessing = 0;
		};
		3B488D6723709FCC005D0D54 /* Resources */ = {
			isa = PBXResourcesBuildPhase;
			buildActionMask = 2147483647;
			files = (
			);
			runOnlyForDeploymentPostprocessing = 0;
		};
/* End PBXResourcesBuildPhase section */

/* Begin PBXSourcesBuildPhase section */
		3B488D4623709FCA005D0D54 /* Sources */ = {
			isa = PBXSourcesBuildPhase;
			buildActionMask = 2147483647;
			files = (
				3B488D5023709FCA005D0D54 /* ViewController.swift in Sources */,
				3B488D4E23709FCA005D0D54 /* AppDelegate.swift in Sources */,
			);
			runOnlyForDeploymentPostprocessing = 0;
		};
		3B488D5A23709FCC005D0D54 /* Sources */ = {
			isa = PBXSourcesBuildPhase;
			buildActionMask = 2147483647;
			files = (
				3B488D6323709FCC005D0D54 /* droidconmadrid19Tests.swift in Sources */,
			);
			runOnlyForDeploymentPostprocessing = 0;
		};
		3B488D6523709FCC005D0D54 /* Sources */ = {
			isa = PBXSourcesBuildPhase;
			buildActionMask = 2147483647;
			files = (
				3B488D6E23709FCC005D0D54 /* droidconmadrid19UITests.swift in Sources */,
			);
			runOnlyForDeploymentPostprocessing = 0;
		};
/* End PBXSourcesBuildPhase section */

/* Begin PBXTargetDependency section */
		3B488D6023709FCC005D0D54 /* PBXTargetDependency */ = {
			isa = PBXTargetDependency;
			target = 3B488D4923709FCA005D0D54 /* droidconmadrid19 */;
			targetProxy = 3B488D5F23709FCC005D0D54 /* PBXContainerItemProxy */;
		};
		3B488D6B23709FCC005D0D54 /* PBXTargetDependency */ = {
			isa = PBXTargetDependency;
			target = 3B488D4923709FCA005D0D54 /* droidconmadrid19 */;
			targetProxy = 3B488D6A23709FCC005D0D54 /* PBXContainerItemProxy */;
		};
/* End PBXTargetDependency section */

/* Begin PBXVariantGroup section */
		3B488D5123709FCA005D0D54 /* Main.storyboard */ = {
			isa = PBXVariantGroup;
			children = (
				3B488D5223709FCA005D0D54 /* Base */,
			);
			name = Main.storyboard;
			sourceTree = "<group>";
		};
		3B488D5623709FCC005D0D54 /* LaunchScreen.storyboard */ = {
			isa = PBXVariantGroup;
			children = (
				3B488D5723709FCC005D0D54 /* Base */,
			);
			name = LaunchScreen.storyboard;
			sourceTree = "<group>";
		};
/* End PBXVariantGroup section */

/* Begin XCBuildConfiguration section */
		3B488D7023709FCC005D0D54 /* Debug */ = {
			isa = XCBuildConfiguration;
			buildSettings = {
				ALWAYS_SEARCH_USER_PATHS = NO;
				CLANG_ANALYZER_NONNULL = YES;
				CLANG_ANALYZER_NUMBER_OBJECT_CONVERSION = YES_AGGRESSIVE;
				CLANG_CXX_LANGUAGE_STANDARD = "gnu++14";
				CLANG_CXX_LIBRARY = "libc++";
				CLANG_ENABLE_MODULES = YES;
				CLANG_ENABLE_OBJC_ARC = YES;
				CLANG_ENABLE_OBJC_WEAK = YES;
				CLANG_WARN_BLOCK_CAPTURE_AUTORELEASING = YES;
				CLANG_WARN_BOOL_CONVERSION = YES;
				CLANG_WARN_COMMA = YES;
				CLANG_WARN_CONSTANT_CONVERSION = YES;
				CLANG_WARN_DEPRECATED_OBJC_IMPLEMENTATIONS = YES;
				CLANG_WARN_DIRECT_OBJC_ISA_USAGE = YES_ERROR;
				CLANG_WARN_DOCUMENTATION_COMMENTS = YES;
				CLANG_WARN_EMPTY_BODY = YES;
				CLANG_WARN_ENUM_CONVERSION = YES;
				CLANG_WARN_INFINITE_RECURSION = YES;
				CLANG_WARN_INT_CONVERSION = YES;
				CLANG_WARN_NON_LITERAL_NULL_CONVERSION = YES;
				CLANG_WARN_OBJC_IMPLICIT_RETAIN_SELF = YES;
				CLANG_WARN_OBJC_LITERAL_CONVERSION = YES;
				CLANG_WARN_OBJC_ROOT_CLASS = YES_ERROR;
				CLANG_WARN_RANGE_LOOP_ANALYSIS = YES;
				CLANG_WARN_STRICT_PROTOTYPES = YES;
				CLANG_WARN_SUSPICIOUS_MOVE = YES;
				CLANG_WARN_UNGUARDED_AVAILABILITY = YES_AGGRESSIVE;
				CLANG_WARN_UNREACHABLE_CODE = YES;
				CLANG_WARN__DUPLICATE_METHOD_MATCH = YES;
				CODE_SIGN_IDENTITY = "iPhone Developer";
				COPY_PHASE_STRIP = NO;
				DEBUG_INFORMATION_FORMAT = dwarf;
				ENABLE_STRICT_OBJC_MSGSEND = YES;
				ENABLE_TESTABILITY = YES;
				GCC_C_LANGUAGE_STANDARD = gnu11;
				GCC_DYNAMIC_NO_PIC = NO;
				GCC_NO_COMMON_BLOCKS = YES;
				GCC_OPTIMIZATION_LEVEL = 0;
				GCC_PREPROCESSOR_DEFINITIONS = (
					"DEBUG=1",
					"$(inherited)",
				);
				GCC_WARN_64_TO_32_BIT_CONVERSION = YES;
				GCC_WARN_ABOUT_RETURN_TYPE = YES_ERROR;
				GCC_WARN_UNDECLARED_SELECTOR = YES;
				GCC_WARN_UNINITIALIZED_AUTOS = YES_AGGRESSIVE;
				GCC_WARN_UNUSED_FUNCTION = YES;
				GCC_WARN_UNUSED_VARIABLE = YES;
				IPHONEOS_DEPLOYMENT_TARGET = 12.2;
				MTL_ENABLE_DEBUG_INFO = INCLUDE_SOURCE;
				MTL_FAST_MATH = YES;
				ONLY_ACTIVE_ARCH = YES;
				SDKROOT = iphoneos;
				SWIFT_ACTIVE_COMPILATION_CONDITIONS = DEBUG;
				SWIFT_OPTIMIZATION_LEVEL = "-Onone";
			};
			name = Debug;
		};
		3B488D7123709FCC005D0D54 /* Release */ = {
			isa = XCBuildConfiguration;
			buildSettings = {
				ALWAYS_SEARCH_USER_PATHS = NO;
				CLANG_ANALYZER_NONNULL = YES;
				CLANG_ANALYZER_NUMBER_OBJECT_CONVERSION = YES_AGGRESSIVE;
				CLANG_CXX_LANGUAGE_STANDARD = "gnu++14";
				CLANG_CXX_LIBRARY = "libc++";
				CLANG_ENABLE_MODULES = YES;
				CLANG_ENABLE_OBJC_ARC = YES;
				CLANG_ENABLE_OBJC_WEAK = YES;
				CLANG_WARN_BLOCK_CAPTURE_AUTORELEASING = YES;
				CLANG_WARN_BOOL_CONVERSION = YES;
				CLANG_WARN_COMMA = YES;
				CLANG_WARN_CONSTANT_CONVERSION = YES;
				CLANG_WARN_DEPRECATED_OBJC_IMPLEMENTATIONS = YES;
				CLANG_WARN_DIRECT_OBJC_ISA_USAGE = YES_ERROR;
				CLANG_WARN_DOCUMENTATION_COMMENTS = YES;
				CLANG_WARN_EMPTY_BODY = YES;
				CLANG_WARN_ENUM_CONVERSION = YES;
				CLANG_WARN_INFINITE_RECURSION = YES;
				CLANG_WARN_INT_CONVERSION = YES;
				CLANG_WARN_NON_LITERAL_NULL_CONVERSION = YES;
				CLANG_WARN_OBJC_IMPLICIT_RETAIN_SELF = YES;
				CLANG_WARN_OBJC_LITERAL_CONVERSION = YES;
				CLANG_WARN_OBJC_ROOT_CLASS = YES_ERROR;
				CLANG_WARN_RANGE_LOOP_ANALYSIS = YES;
				CLANG_WARN_STRICT_PROTOTYPES = YES;
				CLANG_WARN_SUSPICIOUS_MOVE = YES;
				CLANG_WARN_UNGUARDED_AVAILABILITY = YES_AGGRESSIVE;
				CLANG_WARN_UNREACHABLE_CODE = YES;
				CLANG_WARN__DUPLICATE_METHOD_MATCH = YES;
				CODE_SIGN_IDENTITY = "iPhone Developer";
				COPY_PHASE_STRIP = NO;
				DEBUG_INFORMATION_FORMAT = "dwarf-with-dsym";
				ENABLE_NS_ASSERTIONS = NO;
				ENABLE_STRICT_OBJC_MSGSEND = YES;
				GCC_C_LANGUAGE_STANDARD = gnu11;
				GCC_NO_COMMON_BLOCKS = YES;
				GCC_WARN_64_TO_32_BIT_CONVERSION = YES;
				GCC_WARN_ABOUT_RETURN_TYPE = YES_ERROR;
				GCC_WARN_UNDECLARED_SELECTOR = YES;
				GCC_WARN_UNINITIALIZED_AUTOS = YES_AGGRESSIVE;
				GCC_WARN_UNUSED_FUNCTION = YES;
				GCC_WARN_UNUSED_VARIABLE = YES;
				IPHONEOS_DEPLOYMENT_TARGET = 12.2;
				MTL_ENABLE_DEBUG_INFO = NO;
				MTL_FAST_MATH = YES;
				SDKROOT = iphoneos;
				SWIFT_COMPILATION_MODE = wholemodule;
				SWIFT_OPTIMIZATION_LEVEL = "-O";
				VALIDATE_PRODUCT = YES;
			};
			name = Release;
		};
		3B488D7323709FCC005D0D54 /* Debug */ = {
			isa = XCBuildConfiguration;
			buildSettings = {
				ASSETCATALOG_COMPILER_APPICON_NAME = AppIcon;
				CODE_SIGN_STYLE = Automatic;
				DEVELOPMENT_TEAM = CSHVJWDX75;
				INFOPLIST_FILE = droidconmadrid19/Info.plist;
				LD_RUNPATH_SEARCH_PATHS = (
					"$(inherited)",
					"@executable_path/Frameworks",
				);
				PRODUCT_BUNDLE_IDENTIFIER = vjgarcia.droidconmadrid19;
				PRODUCT_NAME = "$(TARGET_NAME)";
				SWIFT_VERSION = 5.0;
				TARGETED_DEVICE_FAMILY = "1,2";
			};
			name = Debug;
		};
		3B488D7423709FCC005D0D54 /* Release */ = {
			isa = XCBuildConfiguration;
			buildSettings = {
				ASSETCATALOG_COMPILER_APPICON_NAME = AppIcon;
				CODE_SIGN_STYLE = Automatic;
				DEVELOPMENT_TEAM = CSHVJWDX75;
				INFOPLIST_FILE = droidconmadrid19/Info.plist;
				LD_RUNPATH_SEARCH_PATHS = (
					"$(inherited)",
					"@executable_path/Frameworks",
				);
				PRODUCT_BUNDLE_IDENTIFIER = vjgarcia.droidconmadrid19;
				PRODUCT_NAME = "$(TARGET_NAME)";
				SWIFT_VERSION = 5.0;
				TARGETED_DEVICE_FAMILY = "1,2";
			};
			name = Release;
		};
		3B488D7623709FCC005D0D54 /* Debug */ = {
			isa = XCBuildConfiguration;
			buildSettings = {
				ALWAYS_EMBED_SWIFT_STANDARD_LIBRARIES = YES;
				BUNDLE_LOADER = "$(TEST_HOST)";
				CODE_SIGN_STYLE = Automatic;
				DEVELOPMENT_TEAM = CSHVJWDX75;
				INFOPLIST_FILE = droidconmadrid19Tests/Info.plist;
				LD_RUNPATH_SEARCH_PATHS = (
					"$(inherited)",
					"@executable_path/Frameworks",
					"@loader_path/Frameworks",
				);
				PRODUCT_BUNDLE_IDENTIFIER = vjgarcia.droidconmadrid19Tests;
				PRODUCT_NAME = "$(TARGET_NAME)";
				SWIFT_VERSION = 5.0;
				TARGETED_DEVICE_FAMILY = "1,2";
				TEST_HOST = "$(BUILT_PRODUCTS_DIR)/droidconmadrid19.app/droidconmadrid19";
			};
			name = Debug;
		};
		3B488D7723709FCC005D0D54 /* Release */ = {
			isa = XCBuildConfiguration;
			buildSettings = {
				ALWAYS_EMBED_SWIFT_STANDARD_LIBRARIES = YES;
				BUNDLE_LOADER = "$(TEST_HOST)";
				CODE_SIGN_STYLE = Automatic;
				DEVELOPMENT_TEAM = CSHVJWDX75;
				INFOPLIST_FILE = droidconmadrid19Tests/Info.plist;
				LD_RUNPATH_SEARCH_PATHS = (
					"$(inherited)",
					"@executable_path/Frameworks",
					"@loader_path/Frameworks",
				);
				PRODUCT_BUNDLE_IDENTIFIER = vjgarcia.droidconmadrid19Tests;
				PRODUCT_NAME = "$(TARGET_NAME)";
				SWIFT_VERSION = 5.0;
				TARGETED_DEVICE_FAMILY = "1,2";
				TEST_HOST = "$(BUILT_PRODUCTS_DIR)/droidconmadrid19.app/droidconmadrid19";
			};
			name = Release;
		};
		3B488D7923709FCC005D0D54 /* Debug */ = {
			isa = XCBuildConfiguration;
			buildSettings = {
				ALWAYS_EMBED_SWIFT_STANDARD_LIBRARIES = YES;
				CODE_SIGN_STYLE = Automatic;
				DEVELOPMENT_TEAM = CSHVJWDX75;
				INFOPLIST_FILE = droidconmadrid19UITests/Info.plist;
				LD_RUNPATH_SEARCH_PATHS = (
					"$(inherited)",
					"@executable_path/Frameworks",
					"@loader_path/Frameworks",
				);
				PRODUCT_BUNDLE_IDENTIFIER = vjgarcia.droidconmadrid19UITests;
				PRODUCT_NAME = "$(TARGET_NAME)";
				SWIFT_VERSION = 5.0;
				TARGETED_DEVICE_FAMILY = "1,2";
				TEST_TARGET_NAME = droidconmadrid19;
			};
			name = Debug;
		};
		3B488D7A23709FCC005D0D54 /* Release */ = {
			isa = XCBuildConfiguration;
			buildSettings = {
				ALWAYS_EMBED_SWIFT_STANDARD_LIBRARIES = YES;
				CODE_SIGN_STYLE = Automatic;
				DEVELOPMENT_TEAM = CSHVJWDX75;
				INFOPLIST_FILE = droidconmadrid19UITests/Info.plist;
				LD_RUNPATH_SEARCH_PATHS = (
					"$(inherited)",
					"@executable_path/Frameworks",
					"@loader_path/Frameworks",
				);
				PRODUCT_BUNDLE_IDENTIFIER = vjgarcia.droidconmadrid19UITests;
				PRODUCT_NAME = "$(TARGET_NAME)";
				SWIFT_VERSION = 5.0;
				TARGETED_DEVICE_FAMILY = "1,2";
				TEST_TARGET_NAME = droidconmadrid19;
			};
			name = Release;
		};
/* End XCBuildConfiguration section */

/* Begin XCConfigurationList section */
		3B488D4523709FCA005D0D54 /* Build configuration list for PBXProject "droidconmadrid19" */ = {
			isa = XCConfigurationList;
			buildConfigurations = (
				3B488D7023709FCC005D0D54 /* Debug */,
				3B488D7123709FCC005D0D54 /* Release */,
			);
			defaultConfigurationIsVisible = 0;
			defaultConfigurationName = Release;
		};
		3B488D7223709FCC005D0D54 /* Build configuration list for PBXNativeTarget "droidconmadrid19" */ = {
			isa = XCConfigurationList;
			buildConfigurations = (
				3B488D7323709FCC005D0D54 /* Debug */,
				3B488D7423709FCC005D0D54 /* Release */,
			);
			defaultConfigurationIsVisible = 0;
			defaultConfigurationName = Release;
		};
		3B488D7523709FCC005D0D54 /* Build configuration list for PBXNativeTarget "droidconmadrid19Tests" */ = {
			isa = XCConfigurationList;
			buildConfigurations = (
				3B488D7623709FCC005D0D54 /* Debug */,
				3B488D7723709FCC005D0D54 /* Release */,
			);
			defaultConfigurationIsVisible = 0;
			defaultConfigurationName = Release;
		};
		3B488D7823709FCC005D0D54 /* Build configuration list for PBXNativeTarget "droidconmadrid19UITests" */ = {
			isa = XCConfigurationList;
			buildConfigurations = (
				3B488D7923709FCC005D0D54 /* Debug */,
				3B488D7A23709FCC005D0D54 /* Release */,
			);
			defaultConfigurationIsVisible = 0;
			defaultConfigurationName = Release;
		};
/* End XCConfigurationList section */
	};
	rootObject = 3B488D4223709FCA005D0D54 /* Project object */;
}
